
Microsoft Visual Studio Solution File, Format Version 12.00
# Visual Studio 15
VisualStudioVersion = 15.0.27703.2042
MinimumVisualStudioVersion = 10.0.40219.1
Project("{FAE04EC0-301F-11D3-BF4B-00C04F79EFBC}") = "ComPort.Test.App", "ComPort.Test.App\ComPort.Test.App.csproj", "{3B37CE10-6293-4469-A54E-437FA07DCFAA}"
EndProject
Global
	GlobalSection(SolutionConfigurationPlatforms) = preSolution
		Debug|Any CPU = Debug|Any CPU
		Release|Any CPU = Release|Any CPU
	EndGlobalSection
	GlobalSection(ProjectConfigurationPlatforms) = postSolution
		{3B37CE10-6293-4469-A54E-437FA07DCFAA}.Debug|Any CPU.ActiveCfg = Debug|Any CPU
		{3B37CE10-6293-4469-A54E-437FA07DCFAA}.Debug|Any CPU.Build.0 = Debug|Any CPU
		{3B37CE10-6293-4469-A54E-437FA07DCFAA}.Release|Any CPU.ActiveCfg = Release|Any CPU
		{3B37CE10-6293-4469-A54E-437FA07DCFAA}.Release|Any CPU.Build.0 = Release|Any CPU
	EndGlobalSection
	GlobalSection(SolutionProperties) = preSolution
		HideSolutionNode = FALSE
	EndGlobalSection
	GlobalSection(ExtensibilityGlobals) = postSolution
		SolutionGuid = {48A3C18B-6167-4D4F-BC89-C0DC59D99EA0}
	EndGlobalSection
EndGlobal
